
Microsoft Visual Studio Solution File, Format Version 12.00
# Visual Studio 2017
Project("{FAE04EC0-301F-11D3-BF4B-00C04F79EFBC}") = "Forest.Plugins", "Forest.Plugins.csproj", "{55617758-7FDF-E58A-B147-82E579320F01}"
EndProject
Project("{FAE04EC0-301F-11D3-BF4B-00C04F79EFBC}") = "Forest", "Forest.csproj", "{0BB15E6D-11FA-93F5-AA0B-15DFC7085DE6}"
EndProject
Project("{FAE04EC0-301F-11D3-BF4B-00C04F79EFBC}") = "Forest.Editor.Plugins", "Forest.Editor.Plugins.csproj", "{1BAEF323-9976-F546-5B50-1C51C3020424}"
EndProject
Global
	GlobalSection(SolutionConfigurationPlatforms) = preSolution
		Debug|Any CPU = Debug|Any CPU
		Release|Any CPU = Release|Any CPU
	EndGlobalSection
	GlobalSection(ProjectConfigurationPlatforms) = postSolution
		{55617758-7FDF-E58A-B147-82E579320F01}.Debug|Any CPU.ActiveCfg = Debug|Any CPU
		{55617758-7FDF-E58A-B147-82E579320F01}.Debug|Any CPU.Build.0 = Debug|Any CPU
		{55617758-7FDF-E58A-B147-82E579320F01}.Release|Any CPU.ActiveCfg = Release|Any CPU
		{55617758-7FDF-E58A-B147-82E579320F01}.Release|Any CPU.Build.0 = Release|Any CPU
		{0BB15E6D-11FA-93F5-AA0B-15DFC7085DE6}.Debug|Any CPU.ActiveCfg = Debug|Any CPU
		{0BB15E6D-11FA-93F5-AA0B-15DFC7085DE6}.Debug|Any CPU.Build.0 = Debug|Any CPU
		{0BB15E6D-11FA-93F5-AA0B-15DFC7085DE6}.Release|Any CPU.ActiveCfg = Release|Any CPU
		{0BB15E6D-11FA-93F5-AA0B-15DFC7085DE6}.Release|Any CPU.Build.0 = Release|Any CPU
		{1BAEF323-9976-F546-5B50-1C51C3020424}.Debug|Any CPU.ActiveCfg = Debug|Any CPU
		{1BAEF323-9976-F546-5B50-1C51C3020424}.Debug|Any CPU.Build.0 = Debug|Any CPU
		{1BAEF323-9976-F546-5B50-1C51C3020424}.Release|Any CPU.ActiveCfg = Release|Any CPU
		{1BAEF323-9976-F546-5B50-1C51C3020424}.Release|Any CPU.Build.0 = Release|Any CPU
	EndGlobalSection
	GlobalSection(SolutionProperties) = preSolution
		HideSolutionNode = FALSE
	EndGlobalSection
EndGlobal
